
Microsoft Visual Studio Solution File, Format Version 12.00
# Visual Studio Version 17
VisualStudioVersion = 17.11.35222.181
MinimumVisualStudioVersion = 10.0.40219.1
Project("{2150E333-8FDC-42A3-9474-1A3956D46DE8}") = "Solution Items", "Solution Items", "{376889A7-3E2E-4E7F-B040-310BB0059A1E}"
	ProjectSection(SolutionItems) = preProject
		Images\hero_maps_static_api.png = Images\hero_maps_static_api.png
	EndProjectSection
EndProject
Project("{FAE04EC0-301F-11D3-BF4B-00C04F79EFBC}") = "SWEN_TourPlanner.Tests", "SWEN_TourPlanner.Tests\SWEN_TourPlanner.Tests.csproj", "{86190C32-1CEF-4C05-A202-43F2AC0CF365}"
EndProject
Project("{FAE04EC0-301F-11D3-BF4B-00C04F79EFBC}") = "PlaceholderTextBox", "PlaceholderTextBox\PlaceholderTextBox.csproj", "{E6829D2C-8160-49AA-9C6D-6E512402607B}"
EndProject
Project("{FAE04EC0-301F-11D3-BF4B-00C04F79EFBC}") = "Model", "Model\Model.csproj", "{3786870C-C86D-4916-8EAB-D3ECA4026493}"
EndProject
Project("{FAE04EC0-301F-11D3-BF4B-00C04F79EFBC}") = "UI", "UI\UI.csproj", "{F4B43829-5E92-4AFD-86C1-AC02A32E48FE}"
EndProject
Project("{FAE04EC0-301F-11D3-BF4B-00C04F79EFBC}") = "DataAccess", "DataAccess\DataAccess.csproj", "{56F3FE5A-BEC8-4432-B670-EBCC55BB2602}"
EndProject
Project("{FAE04EC0-301F-11D3-BF4B-00C04F79EFBC}") = "Business", "Business\Business.csproj", "{0DF678DF-8217-4EC9-9CA6-EB0D4D7088FC}"
EndProject
Global
	GlobalSection(SolutionConfigurationPlatforms) = preSolution
		Debug|Any CPU = Debug|Any CPU
		Release|Any CPU = Release|Any CPU
	EndGlobalSection
	GlobalSection(ProjectConfigurationPlatforms) = postSolution
		{86190C32-1CEF-4C05-A202-43F2AC0CF365}.Debug|Any CPU.ActiveCfg = Debug|Any CPU
		{86190C32-1CEF-4C05-A202-43F2AC0CF365}.Debug|Any CPU.Build.0 = Debug|Any CPU
		{86190C32-1CEF-4C05-A202-43F2AC0CF365}.Release|Any CPU.ActiveCfg = Release|Any CPU
		{86190C32-1CEF-4C05-A202-43F2AC0CF365}.Release|Any CPU.Build.0 = Release|Any CPU
		{E6829D2C-8160-49AA-9C6D-6E512402607B}.Debug|Any CPU.ActiveCfg = Debug|Any CPU
		{E6829D2C-8160-49AA-9C6D-6E512402607B}.Debug|Any CPU.Build.0 = Debug|Any CPU
		{E6829D2C-8160-49AA-9C6D-6E512402607B}.Release|Any CPU.ActiveCfg = Release|Any CPU
		{E6829D2C-8160-49AA-9C6D-6E512402607B}.Release|Any CPU.Build.0 = Release|Any CPU
		{3786870C-C86D-4916-8EAB-D3ECA4026493}.Debug|Any CPU.ActiveCfg = Debug|Any CPU
		{3786870C-C86D-4916-8EAB-D3ECA4026493}.Debug|Any CPU.Build.0 = Debug|Any CPU
		{3786870C-C86D-4916-8EAB-D3ECA4026493}.Release|Any CPU.ActiveCfg = Release|Any CPU
		{3786870C-C86D-4916-8EAB-D3ECA4026493}.Release|Any CPU.Build.0 = Release|Any CPU
		{F4B43829-5E92-4AFD-86C1-AC02A32E48FE}.Debug|Any CPU.ActiveCfg = Debug|Any CPU
		{F4B43829-5E92-4AFD-86C1-AC02A32E48FE}.Debug|Any CPU.Build.0 = Debug|Any CPU
		{F4B43829-5E92-4AFD-86C1-AC02A32E48FE}.Release|Any CPU.ActiveCfg = Release|Any CPU
		{F4B43829-5E92-4AFD-86C1-AC02A32E48FE}.Release|Any CPU.Build.0 = Release|Any CPU
		{56F3FE5A-BEC8-4432-B670-EBCC55BB2602}.Debug|Any CPU.ActiveCfg = Debug|Any CPU
		{56F3FE5A-BEC8-4432-B670-EBCC55BB2602}.Debug|Any CPU.Build.0 = Debug|Any CPU
		{56F3FE5A-BEC8-4432-B670-EBCC55BB2602}.Release|Any CPU.ActiveCfg = Release|Any CPU
		{56F3FE5A-BEC8-4432-B670-EBCC55BB2602}.Release|Any CPU.Build.0 = Release|Any CPU
		{0DF678DF-8217-4EC9-9CA6-EB0D4D7088FC}.Debug|Any CPU.ActiveCfg = Debug|Any CPU
		{0DF678DF-8217-4EC9-9CA6-EB0D4D7088FC}.Debug|Any CPU.Build.0 = Debug|Any CPU
		{0DF678DF-8217-4EC9-9CA6-EB0D4D7088FC}.Release|Any CPU.ActiveCfg = Release|Any CPU
		{0DF678DF-8217-4EC9-9CA6-EB0D4D7088FC}.Release|Any CPU.Build.0 = Release|Any CPU
	EndGlobalSection
	GlobalSection(SolutionProperties) = preSolution
		HideSolutionNode = FALSE
	EndGlobalSection
	GlobalSection(ExtensibilityGlobals) = postSolution
		SolutionGuid = {720408FE-463E-41DB-A634-D27C19D95ABF}
	EndGlobalSection
EndGlobal
